
Microsoft Visual Studio Solution File, Format Version 12.00
# Visual Studio Version 17
VisualStudioVersion = 17.5.33414.496
MinimumVisualStudioVersion = 10.0.40219.1
Project("{FAE04EC0-301F-11D3-BF4B-00C04F79EFBC}") = "Agenda", "Agenda\Agenda.csproj", "{DE235249-64A7-456A-91F1-0B668A43CAAC}"
EndProject
Global
	GlobalSection(SolutionConfigurationPlatforms) = preSolution
		Debug|Any CPU = Debug|Any CPU
		Release|Any CPU = Release|Any CPU
	EndGlobalSection
	GlobalSection(ProjectConfigurationPlatforms) = postSolution
		{DE235249-64A7-456A-91F1-0B668A43CAAC}.Debug|Any CPU.ActiveCfg = Debug|Any CPU
		{DE235249-64A7-456A-91F1-0B668A43CAAC}.Debug|Any CPU.Build.0 = Debug|Any CPU
		{DE235249-64A7-456A-91F1-0B668A43CAAC}.Release|Any CPU.ActiveCfg = Release|Any CPU
		{DE235249-64A7-456A-91F1-0B668A43CAAC}.Release|Any CPU.Build.0 = Release|Any CPU
	EndGlobalSection
	GlobalSection(SolutionProperties) = preSolution
		HideSolutionNode = FALSE
	EndGlobalSection
	GlobalSection(ExtensibilityGlobals) = postSolution
		SolutionGuid = {4BE25551-9E36-409E-A03C-0797EE05E08A}
	EndGlobalSection
EndGlobal
